// !$*UTF8*$!
{
	archiveVersion = 1;
	classes = {
	};
	objectVersion = 50;
	objects = {

/* Begin PBXBuildFile section */
		0465312825E4053300A3921A /* AppDelegate.swift in Sources */ = {isa = PBXBuildFile; fileRef = 0465312725E4053300A3921A /* AppDelegate.swift */; };
		0465312A25E4053300A3921A /* SceneDelegate.swift in Sources */ = {isa = PBXBuildFile; fileRef = 0465312925E4053300A3921A /* SceneDelegate.swift */; };
		0465312C25E4053300A3921A /* ViewController.swift in Sources */ = {isa = PBXBuildFile; fileRef = 0465312B25E4053300A3921A /* ViewController.swift */; };
		0465312F25E4053300A3921A /* Main.storyboard in Resources */ = {isa = PBXBuildFile; fileRef = 0465312D25E4053300A3921A /* Main.storyboard */; };
		0465313125E4053800A3921A /* Assets.xcassets in Resources */ = {isa = PBXBuildFile; fileRef = 0465313025E4053800A3921A /* Assets.xcassets */; };
		0465313425E4053800A3921A /* LaunchScreen.storyboard in Resources */ = {isa = PBXBuildFile; fileRef = 0465313225E4053800A3921A /* LaunchScreen.storyboard */; };
		0465313F25E4053800A3921A /* Act1_A01176970Tests.swift in Sources */ = {isa = PBXBuildFile; fileRef = 0465313E25E4053800A3921A /* Act1_A01176970Tests.swift */; };
		0465314A25E4053900A3921A /* Act1_A01176970UITests.swift in Sources */ = {isa = PBXBuildFile; fileRef = 0465314925E4053900A3921A /* Act1_A01176970UITests.swift */; };
/* End PBXBuildFile section */

/* Begin PBXContainerItemProxy section */
		0465313B25E4053800A3921A /* PBXContainerItemProxy */ = {
			isa = PBXContainerItemProxy;
			containerPortal = 0465311C25E4053300A3921A /* Project object */;
			proxyType = 1;
			remoteGlobalIDString = 0465312325E4053300A3921A;
			remoteInfo = Act1_A01176970;
		};
		0465314625E4053800A3921A /* PBXContainerItemProxy */ = {
			isa = PBXContainerItemProxy;
			containerPortal = 0465311C25E4053300A3921A /* Project object */;
			proxyType = 1;
			remoteGlobalIDString = 0465312325E4053300A3921A;
			remoteInfo = Act1_A01176970;
		};
/* End PBXContainerItemProxy section */

/* Begin PBXFileReference section */
		0465312425E4053300A3921A /* Act1_A01176970.app */ = {isa = PBXFileReference; explicitFileType = wrapper.application; includeInIndex = 0; path = Act1_A01176970.app; sourceTree = BUILT_PRODUCTS_DIR; };
		0465312725E4053300A3921A /* AppDelegate.swift */ = {isa = PBXFileReference; lastKnownFileType = sourcecode.swift; path = AppDelegate.swift; sourceTree = "<group>"; };
		0465312925E4053300A3921A /* SceneDelegate.swift */ = {isa = PBXFileReference; lastKnownFileType = sourcecode.swift; path = SceneDelegate.swift; sourceTree = "<group>"; };
		0465312B25E4053300A3921A /* ViewController.swift */ = {isa = PBXFileReference; lastKnownFileType = sourcecode.swift; path = ViewController.swift; sourceTree = "<group>"; };
		0465312E25E4053300A3921A /* Base */ = {isa = PBXFileReference; lastKnownFileType = file.storyboard; name = Base; path = Base.lproj/Main.storyboard; sourceTree = "<group>"; };
		0465313025E4053800A3921A /* Assets.xcassets */ = {isa = PBXFileReference; lastKnownFileType = folder.assetcatalog; path = Assets.xcassets; sourceTree = "<group>"; };
		0465313325E4053800A3921A /* Base */ = {isa = PBXFileReference; lastKnownFileType = file.storyboard; name = Base; path = Base.lproj/LaunchScreen.storyboard; sourceTree = "<group>"; };
		0465313525E4053800A3921A /* Info.plist */ = {isa = PBXFileReference; lastKnownFileType = text.plist.xml; path = Info.plist; sourceTree = "<group>"; };
		0465313A25E4053800A3921A /* Act1_A01176970Tests.xctest */ = {isa = PBXFileReference; explicitFileType = wrapper.cfbundle; includeInIndex = 0; path = Act1_A01176970Tests.xctest; sourceTree = BUILT_PRODUCTS_DIR; };
		0465313E25E4053800A3921A /* Act1_A01176970Tests.swift */ = {isa = PBXFileReference; lastKnownFileType = sourcecode.swift; path = Act1_A01176970Tests.swift; sourceTree = "<group>"; };
		0465314025E4053800A3921A /* Info.plist */ = {isa = PBXFileReference; lastKnownFileType = text.plist.xml; path = Info.plist; sourceTree = "<group>"; };
		0465314525E4053800A3921A /* Act1_A01176970UITests.xctest */ = {isa = PBXFileReference; explicitFileType = wrapper.cfbundle; includeInIndex = 0; path = Act1_A01176970UITests.xctest; sourceTree = BUILT_PRODUCTS_DIR; };
		0465314925E4053900A3921A /* Act1_A01176970UITests.swift */ = {isa = PBXFileReference; lastKnownFileType = sourcecode.swift; path = Act1_A01176970UITests.swift; sourceTree = "<group>"; };
		0465314B25E4053900A3921A /* Info.plist */ = {isa = PBXFileReference; lastKnownFileType = text.plist.xml; path = Info.plist; sourceTree = "<group>"; };
/* End PBXFileReference section */

/* Begin PBXFrameworksBuildPhase section */
		0465312125E4053300A3921A /* Frameworks */ = {
			isa = PBXFrameworksBuildPhase;
			buildActionMask = 2147483647;
			files = (
			);
			runOnlyForDeploymentPostprocessing = 0;
		};
		0465313725E4053800A3921A /* Frameworks */ = {
			isa = PBXFrameworksBuildPhase;
			buildActionMask = 2147483647;
			files = (
			);
			runOnlyForDeploymentPostprocessing = 0;
		};
		0465314225E4053800A3921A /* Frameworks */ = {
			isa = PBXFrameworksBuildPhase;
			buildActionMask = 2147483647;
			files = (
			);
			runOnlyForDeploymentPostprocessing = 0;
		};
/* End PBXFrameworksBuildPhase section */

/* Begin PBXGroup section */
		0465311B25E4053300A3921A = {
			isa = PBXGroup;
			children = (
				0465312625E4053300A3921A /* Act1_A01176970 */,
				0465313D25E4053800A3921A /* Act1_A01176970Tests */,
				0465314825E4053900A3921A /* Act1_A01176970UITests */,
				0465312525E4053300A3921A /* Products */,
			);
			sourceTree = "<group>";
		};
		0465312525E4053300A3921A /* Products */ = {
			isa = PBXGroup;
			children = (
				0465312425E4053300A3921A /* Act1_A01176970.app */,
				0465313A25E4053800A3921A /* Act1_A01176970Tests.xctest */,
				0465314525E4053800A3921A /* Act1_A01176970UITests.xctest */,
			);
			name = Products;
			sourceTree = "<group>";
		};
		0465312625E4053300A3921A /* Act1_A01176970 */ = {
			isa = PBXGroup;
			children = (
				0465312725E4053300A3921A /* AppDelegate.swift */,
				0465312925E4053300A3921A /* SceneDelegate.swift */,
				0465312B25E4053300A3921A /* ViewController.swift */,
				0465312D25E4053300A3921A /* Main.storyboard */,
				0465313025E4053800A3921A /* Assets.xcassets */,
				0465313225E4053800A3921A /* LaunchScreen.storyboard */,
				0465313525E4053800A3921A /* Info.plist */,
			);
			path = Act1_A01176970;
			sourceTree = "<group>";
		};
		0465313D25E4053800A3921A /* Act1_A01176970Tests */ = {
			isa = PBXGroup;
			children = (
				0465313E25E4053800A3921A /* Act1_A01176970Tests.swift */,
				0465314025E4053800A3921A /* Info.plist */,
			);
			path = Act1_A01176970Tests;
			sourceTree = "<group>";
		};
		0465314825E4053900A3921A /* Act1_A01176970UITests */ = {
			isa = PBXGroup;
			children = (
				0465314925E4053900A3921A /* Act1_A01176970UITests.swift */,
				0465314B25E4053900A3921A /* Info.plist */,
			);
			path = Act1_A01176970UITests;
			sourceTree = "<group>";
		};
/* End PBXGroup section */

/* Begin PBXNativeTarget section */
		0465312325E4053300A3921A /* Act1_A01176970 */ = {
			isa = PBXNativeTarget;
			buildConfigurationList = 0465314E25E4053900A3921A /* Build configuration list for PBXNativeTarget "Act1_A01176970" */;
			buildPhases = (
				0465312025E4053300A3921A /* Sources */,
				0465312125E4053300A3921A /* Frameworks */,
				0465312225E4053300A3921A /* Resources */,
			);
			buildRules = (
			);
			dependencies = (
			);
			name = Act1_A01176970;
			productName = Act1_A01176970;
			productReference = 0465312425E4053300A3921A /* Act1_A01176970.app */;
			productType = "com.apple.product-type.application";
		};
		0465313925E4053800A3921A /* Act1_A01176970Tests */ = {
			isa = PBXNativeTarget;
			buildConfigurationList = 0465315125E4053900A3921A /* Build configuration list for PBXNativeTarget "Act1_A01176970Tests" */;
			buildPhases = (
				0465313625E4053800A3921A /* Sources */,
				0465313725E4053800A3921A /* Frameworks */,
				0465313825E4053800A3921A /* Resources */,
			);
			buildRules = (
			);
			dependencies = (
				0465313C25E4053800A3921A /* PBXTargetDependency */,
			);
			name = Act1_A01176970Tests;
			productName = Act1_A01176970Tests;
			productReference = 0465313A25E4053800A3921A /* Act1_A01176970Tests.xctest */;
			productType = "com.apple.product-type.bundle.unit-test";
		};
		0465314425E4053800A3921A /* Act1_A01176970UITests */ = {
			isa = PBXNativeTarget;
			buildConfigurationList = 0465315425E4053900A3921A /* Build configuration list for PBXNativeTarget "Act1_A01176970UITests" */;
			buildPhases = (
				0465314125E4053800A3921A /* Sources */,
				0465314225E4053800A3921A /* Frameworks */,
				0465314325E4053800A3921A /* Resources */,
			);
			buildRules = (
			);
			dependencies = (
				0465314725E4053800A3921A /* PBXTargetDependency */,
			);
			name = Act1_A01176970UITests;
			productName = Act1_A01176970UITests;
			productReference = 0465314525E4053800A3921A /* Act1_A01176970UITests.xctest */;
			productType = "com.apple.product-type.bundle.ui-testing";
		};
/* End PBXNativeTarget section */

/* Begin PBXProject section */
		0465311C25E4053300A3921A /* Project object */ = {
			isa = PBXProject;
			attributes = {
				LastSwiftUpdateCheck = 1240;
				LastUpgradeCheck = 1240;
				TargetAttributes = {
					0465312325E4053300A3921A = {
						CreatedOnToolsVersion = 12.4;
					};
					0465313925E4053800A3921A = {
						CreatedOnToolsVersion = 12.4;
						TestTargetID = 0465312325E4053300A3921A;
					};
					0465314425E4053800A3921A = {
						CreatedOnToolsVersion = 12.4;
						TestTargetID = 0465312325E4053300A3921A;
					};
				};
			};
			buildConfigurationList = 0465311F25E4053300A3921A /* Build configuration list for PBXProject "Act1_A01176970" */;
			compatibilityVersion = "Xcode 9.3";
			developmentRegion = en;
			hasScannedForEncodings = 0;
			knownRegions = (
				en,
				Base,
			);
			mainGroup = 0465311B25E4053300A3921A;
			productRefGroup = 0465312525E4053300A3921A /* Products */;
			projectDirPath = "";
			projectRoot = "";
			targets = (
				0465312325E4053300A3921A /* Act1_A01176970 */,
				0465313925E4053800A3921A /* Act1_A01176970Tests */,
				0465314425E4053800A3921A /* Act1_A01176970UITests */,
			);
		};
/* End PBXProject section */

/* Begin PBXResourcesBuildPhase section */
		0465312225E4053300A3921A /* Resources */ = {
			isa = PBXResourcesBuildPhase;
			buildActionMask = 2147483647;
			files = (
				0465313425E4053800A3921A /* LaunchScreen.storyboard in Resources */,
				0465313125E4053800A3921A /* Assets.xcassets in Resources */,
				0465312F25E4053300A3921A /* Main.storyboard in Resources */,
			);
			runOnlyForDeploymentPostprocessing = 0;
		};
		0465313825E4053800A3921A /* Resources */ = {
			isa = PBXResourcesBuildPhase;
			buildActionMask = 2147483647;
			files = (
			);
			runOnlyForDeploymentPostprocessing = 0;
		};
		0465314325E4053800A3921A /* Resources */ = {
			isa = PBXResourcesBuildPhase;
			buildActionMask = 2147483647;
			files = (
			);
			runOnlyForDeploymentPostprocessing = 0;
		};
/* End PBXResourcesBuildPhase section */

/* Begin PBXSourcesBuildPhase section */
		0465312025E4053300A3921A /* Sources */ = {
			isa = PBXSourcesBuildPhase;
			buildActionMask = 2147483647;
			files = (
				0465312C25E4053300A3921A /* ViewController.swift in Sources */,
				0465312825E4053300A3921A /* AppDelegate.swift in Sources */,
				0465312A25E4053300A3921A /* SceneDelegate.swift in Sources */,
			);
			runOnlyForDeploymentPostprocessing = 0;
		};
		0465313625E4053800A3921A /* Sources */ = {
			isa = PBXSourcesBuildPhase;
			buildActionMask = 2147483647;
			files = (
				0465313F25E4053800A3921A /* Act1_A01176970Tests.swift in Sources */,
			);
			runOnlyForDeploymentPostprocessing = 0;
		};
		0465314125E4053800A3921A /* Sources */ = {
			isa = PBXSourcesBuildPhase;
			buildActionMask = 2147483647;
			files = (
				0465314A25E4053900A3921A /* Act1_A01176970UITests.swift in Sources */,
			);
			runOnlyForDeploymentPostprocessing = 0;
		};
/* End PBXSourcesBuildPhase section */

/* Begin PBXTargetDependency section */
		0465313C25E4053800A3921A /* PBXTargetDependency */ = {
			isa = PBXTargetDependency;
			target = 0465312325E4053300A3921A /* Act1_A01176970 */;
			targetProxy = 0465313B25E4053800A3921A /* PBXContainerItemProxy */;
		};
		0465314725E4053800A3921A /* PBXTargetDependency */ = {
			isa = PBXTargetDependency;
			target = 0465312325E4053300A3921A /* Act1_A01176970 */;
			targetProxy = 0465314625E4053800A3921A /* PBXContainerItemProxy */;
		};
/* End PBXTargetDependency section */

/* Begin PBXVariantGroup section */
		0465312D25E4053300A3921A /* Main.storyboard */ = {
			isa = PBXVariantGroup;
			children = (
				0465312E25E4053300A3921A /* Base */,
			);
			name = Main.storyboard;
			sourceTree = "<group>";
		};
		0465313225E4053800A3921A /* LaunchScreen.storyboard */ = {
			isa = PBXVariantGroup;
			children = (
				0465313325E4053800A3921A /* Base */,
			);
			name = LaunchScreen.storyboard;
			sourceTree = "<group>";
		};
/* End PBXVariantGroup section */

/* Begin XCBuildConfiguration section */
		0465314C25E4053900A3921A /* Debug */ = {
			isa = XCBuildConfiguration;
			buildSettings = {
				ALWAYS_SEARCH_USER_PATHS = NO;
				CLANG_ANALYZER_NONNULL = YES;
				CLANG_ANALYZER_NUMBER_OBJECT_CONVERSION = YES_AGGRESSIVE;
				CLANG_CXX_LANGUAGE_STANDARD = "gnu++14";
				CLANG_CXX_LIBRARY = "libc++";
				CLANG_ENABLE_MODULES = YES;
				CLANG_ENABLE_OBJC_ARC = YES;
				CLANG_ENABLE_OBJC_WEAK = YES;
				CLANG_WARN_BLOCK_CAPTURE_AUTORELEASING = YES;
				CLANG_WARN_BOOL_CONVERSION = YES;
				CLANG_WARN_COMMA = YES;
				CLANG_WARN_CONSTANT_CONVERSION = YES;
				CLANG_WARN_DEPRECATED_OBJC_IMPLEMENTATIONS = YES;
				CLANG_WARN_DIRECT_OBJC_ISA_USAGE = YES_ERROR;
				CLANG_WARN_DOCUMENTATION_COMMENTS = YES;
				CLANG_WARN_EMPTY_BODY = YES;
				CLANG_WARN_ENUM_CONVERSION = YES;
				CLANG_WARN_INFINITE_RECURSION = YES;
				CLANG_WARN_INT_CONVERSION = YES;
				CLANG_WARN_NON_LITERAL_NULL_CONVERSION = YES;
				CLANG_WARN_OBJC_IMPLICIT_RETAIN_SELF = YES;
				CLANG_WARN_OBJC_LITERAL_CONVERSION = YES;
				CLANG_WARN_OBJC_ROOT_CLASS = YES_ERROR;
				CLANG_WARN_QUOTED_INCLUDE_IN_FRAMEWORK_HEADER = YES;
				CLANG_WARN_RANGE_LOOP_ANALYSIS = YES;
				CLANG_WARN_STRICT_PROTOTYPES = YES;
				CLANG_WARN_SUSPICIOUS_MOVE = YES;
				CLANG_WARN_UNGUARDED_AVAILABILITY = YES_AGGRESSIVE;
				CLANG_WARN_UNREACHABLE_CODE = YES;
				CLANG_WARN__DUPLICATE_METHOD_MATCH = YES;
				COPY_PHASE_STRIP = NO;
				DEBUG_INFORMATION_FORMAT = dwarf;
				ENABLE_STRICT_OBJC_MSGSEND = YES;
				ENABLE_TESTABILITY = YES;
				GCC_C_LANGUAGE_STANDARD = gnu11;
				GCC_DYNAMIC_NO_PIC = NO;
				GCC_NO_COMMON_BLOCKS = YES;
				GCC_OPTIMIZATION_LEVEL = 0;
				GCC_PREPROCESSOR_DEFINITIONS = (
					"DEBUG=1",
					"$(inherited)",
				);
				GCC_WARN_64_TO_32_BIT_CONVERSION = YES;
				GCC_WARN_ABOUT_RETURN_TYPE = YES_ERROR;
				GCC_WARN_UNDECLARED_SELECTOR = YES;
				GCC_WARN_UNINITIALIZED_AUTOS = YES_AGGRESSIVE;
				GCC_WARN_UNUSED_FUNCTION = YES;
				GCC_WARN_UNUSED_VARIABLE = YES;
				IPHONEOS_DEPLOYMENT_TARGET = 14.4;
				MTL_ENABLE_DEBUG_INFO = INCLUDE_SOURCE;
				MTL_FAST_MATH = YES;
				ONLY_ACTIVE_ARCH = YES;
				SDKROOT = iphoneos;
				SWIFT_ACTIVE_COMPILATION_CONDITIONS = DEBUG;
				SWIFT_OPTIMIZATION_LEVEL = "-Onone";
			};
			name = Debug;
		};
		0465314D25E4053900A3921A /* Release */ = {
			isa = XCBuildConfiguration;
			buildSettings = {
				ALWAYS_SEARCH_USER_PATHS = NO;
				CLANG_ANALYZER_NONNULL = YES;
				CLANG_ANALYZER_NUMBER_OBJECT_CONVERSION = YES_AGGRESSIVE;
				CLANG_CXX_LANGUAGE_STANDARD = "gnu++14";
				CLANG_CXX_LIBRARY = "libc++";
				CLANG_ENABLE_MODULES = YES;
				CLANG_ENABLE_OBJC_ARC = YES;
				CLANG_ENABLE_OBJC_WEAK = YES;
				CLANG_WARN_BLOCK_CAPTURE_AUTORELEASING = YES;
				CLANG_WARN_BOOL_CONVERSION = YES;
				CLANG_WARN_COMMA = YES;
				CLANG_WARN_CONSTANT_CONVERSION = YES;
				CLANG_WARN_DEPRECATED_OBJC_IMPLEMENTATIONS = YES;
				CLANG_WARN_DIRECT_OBJC_ISA_USAGE = YES_ERROR;
				CLANG_WARN_DOCUMENTATION_COMMENTS = YES;
				CLANG_WARN_EMPTY_BODY = YES;
				CLANG_WARN_ENUM_CONVERSION = YES;
				CLANG_WARN_INFINITE_RECURSION = YES;
				CLANG_WARN_INT_CONVERSION = YES;
				CLANG_WARN_NON_LITERAL_NULL_CONVERSION = YES;
				CLANG_WARN_OBJC_IMPLICIT_RETAIN_SELF = YES;
				CLANG_WARN_OBJC_LITERAL_CONVERSION = YES;
				CLANG_WARN_OBJC_ROOT_CLASS = YES_ERROR;
				CLANG_WARN_QUOTED_INCLUDE_IN_FRAMEWORK_HEADER = YES;
				CLANG_WARN_RANGE_LOOP_ANALYSIS = YES;
				CLANG_WARN_STRICT_PROTOTYPES = YES;
				CLANG_WARN_SUSPICIOUS_MOVE = YES;
				CLANG_WARN_UNGUARDED_AVAILABILITY = YES_AGGRESSIVE;
				CLANG_WARN_UNREACHABLE_CODE = YES;
				CLANG_WARN__DUPLICATE_METHOD_MATCH = YES;
				COPY_PHASE_STRIP = NO;
				DEBUG_INFORMATION_FORMAT = "dwarf-with-dsym";
				ENABLE_NS_ASSERTIONS = NO;
				ENABLE_STRICT_OBJC_MSGSEND = YES;
				GCC_C_LANGUAGE_STANDARD = gnu11;
				GCC_NO_COMMON_BLOCKS = YES;
				GCC_WARN_64_TO_32_BIT_CONVERSION = YES;
				GCC_WARN_ABOUT_RETURN_TYPE = YES_ERROR;
				GCC_WARN_UNDECLARED_SELECTOR = YES;
				GCC_WARN_UNINITIALIZED_AUTOS = YES_AGGRESSIVE;
				GCC_WARN_UNUSED_FUNCTION = YES;
				GCC_WARN_UNUSED_VARIABLE = YES;
				IPHONEOS_DEPLOYMENT_TARGET = 14.4;
				MTL_ENABLE_DEBUG_INFO = NO;
				MTL_FAST_MATH = YES;
				SDKROOT = iphoneos;
				SWIFT_COMPILATION_MODE = wholemodule;
				SWIFT_OPTIMIZATION_LEVEL = "-O";
				VALIDATE_PRODUCT = YES;
			};
			name = Release;
		};
		0465314F25E4053900A3921A /* Debug */ = {
			isa = XCBuildConfiguration;
			buildSettings = {
				ASSETCATALOG_COMPILER_APPICON_NAME = AppIcon;
				ASSETCATALOG_COMPILER_GLOBAL_ACCENT_COLOR_NAME = AccentColor;
				CODE_SIGN_STYLE = Automatic;
				INFOPLIST_FILE = Act1_A01176970/Info.plist;
				LD_RUNPATH_SEARCH_PATHS = (
					"$(inherited)",
					"@executable_path/Frameworks",
				);
				PRODUCT_BUNDLE_IDENTIFIER = "Pamela.Act1-A01176970";
				PRODUCT_NAME = "$(TARGET_NAME)";
				SWIFT_VERSION = 5.0;
				TARGETED_DEVICE_FAMILY = "1,2";
			};
			name = Debug;
		};
		0465315025E4053900A3921A /* Release */ = {
			isa = XCBuildConfiguration;
			buildSettings = {
				ASSETCATALOG_COMPILER_APPICON_NAME = AppIcon;
				ASSETCATALOG_COMPILER_GLOBAL_ACCENT_COLOR_NAME = AccentColor;
				CODE_SIGN_STYLE = Automatic;
				INFOPLIST_FILE = Act1_A01176970/Info.plist;
				LD_RUNPATH_SEARCH_PATHS = (
					"$(inherited)",
					"@executable_path/Frameworks",
				);
				PRODUCT_BUNDLE_IDENTIFIER = "Pamela.Act1-A01176970";
				PRODUCT_NAME = "$(TARGET_NAME)";
				SWIFT_VERSION = 5.0;
				TARGETED_DEVICE_FAMILY = "1,2";
			};
			name = Release;
		};
		0465315225E4053900A3921A /* Debug */ = {
			isa = XCBuildConfiguration;
			buildSettings = {
				ALWAYS_EMBED_SWIFT_STANDARD_LIBRARIES = YES;
				BUNDLE_LOADER = "$(TEST_HOST)";
				CODE_SIGN_STYLE = Automatic;
				INFOPLIST_FILE = Act1_A01176970Tests/Info.plist;
				IPHONEOS_DEPLOYMENT_TARGET = 14.4;
				LD_RUNPATH_SEARCH_PATHS = (
					"$(inherited)",
					"@executable_path/Frameworks",
					"@loader_path/Frameworks",
				);
				PRODUCT_BUNDLE_IDENTIFIER = "Pamela.Act1-A01176970Tests";
				PRODUCT_NAME = "$(TARGET_NAME)";
				SWIFT_VERSION = 5.0;
				TARGETED_DEVICE_FAMILY = "1,2";
				TEST_HOST = "$(BUILT_PRODUCTS_DIR)/Act1_A01176970.app/Act1_A01176970";
			};
			name = Debug;
		};
		0465315325E4053900A3921A /* Release */ = {
			isa = XCBuildConfiguration;
			buildSettings = {
				ALWAYS_EMBED_SWIFT_STANDARD_LIBRARIES = YES;
				BUNDLE_LOADER = "$(TEST_HOST)";
				CODE_SIGN_STYLE = Automatic;
				INFOPLIST_FILE = Act1_A01176970Tests/Info.plist;
				IPHONEOS_DEPLOYMENT_TARGET = 14.4;
				LD_RUNPATH_SEARCH_PATHS = (
					"$(inherited)",
					"@executable_path/Frameworks",
					"@loader_path/Frameworks",
				);
				PRODUCT_BUNDLE_IDENTIFIER = "Pamela.Act1-A01176970Tests";
				PRODUCT_NAME = "$(TARGET_NAME)";
				SWIFT_VERSION = 5.0;
				TARGETED_DEVICE_FAMILY = "1,2";
				TEST_HOST = "$(BUILT_PRODUCTS_DIR)/Act1_A01176970.app/Act1_A01176970";
			};
			name = Release;
		};
		0465315525E4053900A3921A /* Debug */ = {
			isa = XCBuildConfiguration;
			buildSettings = {
				ALWAYS_EMBED_SWIFT_STANDARD_LIBRARIES = YES;
				CODE_SIGN_STYLE = Automatic;
				INFOPLIST_FILE = Act1_A01176970UITests/Info.plist;
				LD_RUNPATH_SEARCH_PATHS = (
					"$(inherited)",
					"@executable_path/Frameworks",
					"@loader_path/Frameworks",
				);
				PRODUCT_BUNDLE_IDENTIFIER = "Pamela.Act1-A01176970UITests";
				PRODUCT_NAME = "$(TARGET_NAME)";
				SWIFT_VERSION = 5.0;
				TARGETED_DEVICE_FAMILY = "1,2";
				TEST_TARGET_NAME = Act1_A01176970;
			};
			name = Debug;
		};
		0465315625E4053900A3921A /* Release */ = {
			isa = XCBuildConfiguration;
			buildSettings = {
				ALWAYS_EMBED_SWIFT_STANDARD_LIBRARIES = YES;
				CODE_SIGN_STYLE = Automatic;
				INFOPLIST_FILE = Act1_A01176970UITests/Info.plist;
				LD_RUNPATH_SEARCH_PATHS = (
					"$(inherited)",
					"@executable_path/Frameworks",
					"@loader_path/Frameworks",
				);
				PRODUCT_BUNDLE_IDENTIFIER = "Pamela.Act1-A01176970UITests";
				PRODUCT_NAME = "$(TARGET_NAME)";
				SWIFT_VERSION = 5.0;
				TARGETED_DEVICE_FAMILY = "1,2";
				TEST_TARGET_NAME = Act1_A01176970;
			};
			name = Release;
		};
/* End XCBuildConfiguration section */

/* Begin XCConfigurationList section */
		0465311F25E4053300A3921A /* Build configuration list for PBXProject "Act1_A01176970" */ = {
			isa = XCConfigurationList;
			buildConfigurations = (
				0465314C25E4053900A3921A /* Debug */,
				0465314D25E4053900A3921A /* Release */,
			);
			defaultConfigurationIsVisible = 0;
			defaultConfigurationName = Release;
		};
		0465314E25E4053900A3921A /* Build configuration list for PBXNativeTarget "Act1_A01176970" */ = {
			isa = XCConfigurationList;
			buildConfigurations = (
				0465314F25E4053900A3921A /* Debug */,
				0465315025E4053900A3921A /* Release */,
			);
			defaultConfigurationIsVisible = 0;
			defaultConfigurationName = Release;
		};
		0465315125E4053900A3921A /* Build configuration list for PBXNativeTarget "Act1_A01176970Tests" */ = {
			isa = XCConfigurationList;
			buildConfigurations = (
				0465315225E4053900A3921A /* Debug */,
				0465315325E4053900A3921A /* Release */,
			);
			defaultConfigurationIsVisible = 0;
			defaultConfigurationName = Release;
		};
		0465315425E4053900A3921A /* Build configuration list for PBXNativeTarget "Act1_A01176970UITests" */ = {
			isa = XCConfigurationList;
			buildConfigurations = (
				0465315525E4053900A3921A /* Debug */,
				0465315625E4053900A3921A /* Release */,
			);
			defaultConfigurationIsVisible = 0;
			defaultConfigurationName = Release;
		};
/* End XCConfigurationList section */
	};
	rootObject = 0465311C25E4053300A3921A /* Project object */;
}
