// !$*UTF8*$!
{
	archiveVersion = 1;
	classes = {
	};
	objectVersion = 50;
	objects = {

/* Begin PBXBuildFile section */
		041C3DDF25F71416005EA194 /* AppDelegate.swift in Sources */ = {isa = PBXBuildFile; fileRef = 041C3DDE25F71416005EA194 /* AppDelegate.swift */; };
		041C3DE125F71416005EA194 /* SceneDelegate.swift in Sources */ = {isa = PBXBuildFile; fileRef = 041C3DE025F71416005EA194 /* SceneDelegate.swift */; };
		041C3DE325F71416005EA194 /* ViewController.swift in Sources */ = {isa = PBXBuildFile; fileRef = 041C3DE225F71416005EA194 /* ViewController.swift */; };
		041C3DE625F71416005EA194 /* Main.storyboard in Resources */ = {isa = PBXBuildFile; fileRef = 041C3DE425F71416005EA194 /* Main.storyboard */; };
		041C3DE825F71419005EA194 /* Assets.xcassets in Resources */ = {isa = PBXBuildFile; fileRef = 041C3DE725F71419005EA194 /* Assets.xcassets */; };
		041C3DEB25F71419005EA194 /* LaunchScreen.storyboard in Resources */ = {isa = PBXBuildFile; fileRef = 041C3DE925F71419005EA194 /* LaunchScreen.storyboard */; };
		041C3DF825F71BC0005EA194 /* CalculaCuboVC.swift in Sources */ = {isa = PBXBuildFile; fileRef = 041C3DF725F71BC0005EA194 /* CalculaCuboVC.swift */; };
		041C3DFB25F71BE2005EA194 /* CalculaEsferaVC.swift in Sources */ = {isa = PBXBuildFile; fileRef = 041C3DFA25F71BE2005EA194 /* CalculaEsferaVC.swift */; };
		041C3DFE25F731B6005EA194 /* ChangeBackgroundVC.swift in Sources */ = {isa = PBXBuildFile; fileRef = 041C3DFD25F731B6005EA194 /* ChangeBackgroundVC.swift */; };
/* End PBXBuildFile section */

/* Begin PBXFileReference section */
		041C3DDB25F71415005EA194 /* tarea3.app */ = {isa = PBXFileReference; explicitFileType = wrapper.application; includeInIndex = 0; path = tarea3.app; sourceTree = BUILT_PRODUCTS_DIR; };
		041C3DDE25F71416005EA194 /* AppDelegate.swift */ = {isa = PBXFileReference; lastKnownFileType = sourcecode.swift; path = AppDelegate.swift; sourceTree = "<group>"; };
		041C3DE025F71416005EA194 /* SceneDelegate.swift */ = {isa = PBXFileReference; lastKnownFileType = sourcecode.swift; path = SceneDelegate.swift; sourceTree = "<group>"; };
		041C3DE225F71416005EA194 /* ViewController.swift */ = {isa = PBXFileReference; lastKnownFileType = sourcecode.swift; path = ViewController.swift; sourceTree = "<group>"; };
		041C3DE525F71416005EA194 /* Base */ = {isa = PBXFileReference; lastKnownFileType = file.storyboard; name = Base; path = Base.lproj/Main.storyboard; sourceTree = "<group>"; };
		041C3DE725F71419005EA194 /* Assets.xcassets */ = {isa = PBXFileReference; lastKnownFileType = folder.assetcatalog; path = Assets.xcassets; sourceTree = "<group>"; };
		041C3DEA25F71419005EA194 /* Base */ = {isa = PBXFileReference; lastKnownFileType = file.storyboard; name = Base; path = Base.lproj/LaunchScreen.storyboard; sourceTree = "<group>"; };
		041C3DEC25F71419005EA194 /* Info.plist */ = {isa = PBXFileReference; lastKnownFileType = text.plist.xml; path = Info.plist; sourceTree = "<group>"; };
		041C3DF725F71BC0005EA194 /* CalculaCuboVC.swift */ = {isa = PBXFileReference; lastKnownFileType = sourcecode.swift; path = CalculaCuboVC.swift; sourceTree = "<group>"; };
		041C3DFA25F71BE2005EA194 /* CalculaEsferaVC.swift */ = {isa = PBXFileReference; lastKnownFileType = sourcecode.swift; path = CalculaEsferaVC.swift; sourceTree = "<group>"; };
		041C3DFD25F731B6005EA194 /* ChangeBackgroundVC.swift */ = {isa = PBXFileReference; lastKnownFileType = sourcecode.swift; path = ChangeBackgroundVC.swift; sourceTree = "<group>"; };
/* End PBXFileReference section */

/* Begin PBXFrameworksBuildPhase section */
		041C3DD825F71415005EA194 /* Frameworks */ = {
			isa = PBXFrameworksBuildPhase;
			buildActionMask = 2147483647;
			files = (
			);
			runOnlyForDeploymentPostprocessing = 0;
		};
/* End PBXFrameworksBuildPhase section */

/* Begin PBXGroup section */
		041C3DD225F71415005EA194 = {
			isa = PBXGroup;
			children = (
				041C3DDD25F71415005EA194 /* tarea3 */,
				041C3DDC25F71415005EA194 /* Products */,
			);
			sourceTree = "<group>";
		};
		041C3DDC25F71415005EA194 /* Products */ = {
			isa = PBXGroup;
			children = (
				041C3DDB25F71415005EA194 /* tarea3.app */,
			);
			name = Products;
			sourceTree = "<group>";
		};
		041C3DDD25F71415005EA194 /* tarea3 */ = {
			isa = PBXGroup;
			children = (
				041C3DDE25F71416005EA194 /* AppDelegate.swift */,
				041C3DE025F71416005EA194 /* SceneDelegate.swift */,
				041C3DE225F71416005EA194 /* ViewController.swift */,
				041C3DE425F71416005EA194 /* Main.storyboard */,
				041C3DFD25F731B6005EA194 /* ChangeBackgroundVC.swift */,
				041C3DFA25F71BE2005EA194 /* CalculaEsferaVC.swift */,
				041C3DF725F71BC0005EA194 /* CalculaCuboVC.swift */,
				041C3DE725F71419005EA194 /* Assets.xcassets */,
				041C3DE925F71419005EA194 /* LaunchScreen.storyboard */,
				041C3DEC25F71419005EA194 /* Info.plist */,
			);
			path = tarea3;
			sourceTree = "<group>";
		};
/* End PBXGroup section */

/* Begin PBXNativeTarget section */
		041C3DDA25F71415005EA194 /* tarea3 */ = {
			isa = PBXNativeTarget;
			buildConfigurationList = 041C3DEF25F71419005EA194 /* Build configuration list for PBXNativeTarget "tarea3" */;
			buildPhases = (
				041C3DD725F71415005EA194 /* Sources */,
				041C3DD825F71415005EA194 /* Frameworks */,
				041C3DD925F71415005EA194 /* Resources */,
			);
			buildRules = (
			);
			dependencies = (
			);
			name = tarea3;
			productName = tarea3;
			productReference = 041C3DDB25F71415005EA194 /* tarea3.app */;
			productType = "com.apple.product-type.application";
		};
/* End PBXNativeTarget section */

/* Begin PBXProject section */
		041C3DD325F71415005EA194 /* Project object */ = {
			isa = PBXProject;
			attributes = {
				LastSwiftUpdateCheck = 1240;
				LastUpgradeCheck = 1240;
				TargetAttributes = {
					041C3DDA25F71415005EA194 = {
						CreatedOnToolsVersion = 12.4;
					};
				};
			};
			buildConfigurationList = 041C3DD625F71415005EA194 /* Build configuration list for PBXProject "tarea3" */;
			compatibilityVersion = "Xcode 9.3";
			developmentRegion = en;
			hasScannedForEncodings = 0;
			knownRegions = (
				en,
				Base,
			);
			mainGroup = 041C3DD225F71415005EA194;
			productRefGroup = 041C3DDC25F71415005EA194 /* Products */;
			projectDirPath = "";
			projectRoot = "";
			targets = (
				041C3DDA25F71415005EA194 /* tarea3 */,
			);
		};
/* End PBXProject section */

/* Begin PBXResourcesBuildPhase section */
		041C3DD925F71415005EA194 /* Resources */ = {
			isa = PBXResourcesBuildPhase;
			buildActionMask = 2147483647;
			files = (
				041C3DEB25F71419005EA194 /* LaunchScreen.storyboard in Resources */,
				041C3DE825F71419005EA194 /* Assets.xcassets in Resources */,
				041C3DE625F71416005EA194 /* Main.storyboard in Resources */,
			);
			runOnlyForDeploymentPostprocessing = 0;
		};
/* End PBXResourcesBuildPhase section */

/* Begin PBXSourcesBuildPhase section */
		041C3DD725F71415005EA194 /* Sources */ = {
			isa = PBXSourcesBuildPhase;
			buildActionMask = 2147483647;
			files = (
				041C3DFE25F731B6005EA194 /* ChangeBackgroundVC.swift in Sources */,
				041C3DE325F71416005EA194 /* ViewController.swift in Sources */,
				041C3DF825F71BC0005EA194 /* CalculaCuboVC.swift in Sources */,
				041C3DFB25F71BE2005EA194 /* CalculaEsferaVC.swift in Sources */,
				041C3DDF25F71416005EA194 /* AppDelegate.swift in Sources */,
				041C3DE125F71416005EA194 /* SceneDelegate.swift in Sources */,
			);
			runOnlyForDeploymentPostprocessing = 0;
		};
/* End PBXSourcesBuildPhase section */

/* Begin PBXVariantGroup section */
		041C3DE425F71416005EA194 /* Main.storyboard */ = {
			isa = PBXVariantGroup;
			children = (
				041C3DE525F71416005EA194 /* Base */,
			);
			name = Main.storyboard;
			sourceTree = "<group>";
		};
		041C3DE925F71419005EA194 /* LaunchScreen.storyboard */ = {
			isa = PBXVariantGroup;
			children = (
				041C3DEA25F71419005EA194 /* Base */,
			);
			name = LaunchScreen.storyboard;
			sourceTree = "<group>";
		};
/* End PBXVariantGroup section */

/* Begin XCBuildConfiguration section */
		041C3DED25F71419005EA194 /* Debug */ = {
			isa = XCBuildConfiguration;
			buildSettings = {
				ALWAYS_SEARCH_USER_PATHS = NO;
				CLANG_ANALYZER_NONNULL = YES;
				CLANG_ANALYZER_NUMBER_OBJECT_CONVERSION = YES_AGGRESSIVE;
				CLANG_CXX_LANGUAGE_STANDARD = "gnu++14";
				CLANG_CXX_LIBRARY = "libc++";
				CLANG_ENABLE_MODULES = YES;
				CLANG_ENABLE_OBJC_ARC = YES;
				CLANG_ENABLE_OBJC_WEAK = YES;
				CLANG_WARN_BLOCK_CAPTURE_AUTORELEASING = YES;
				CLANG_WARN_BOOL_CONVERSION = YES;
				CLANG_WARN_COMMA = YES;
				CLANG_WARN_CONSTANT_CONVERSION = YES;
				CLANG_WARN_DEPRECATED_OBJC_IMPLEMENTATIONS = YES;
				CLANG_WARN_DIRECT_OBJC_ISA_USAGE = YES_ERROR;
				CLANG_WARN_DOCUMENTATION_COMMENTS = YES;
				CLANG_WARN_EMPTY_BODY = YES;
				CLANG_WARN_ENUM_CONVERSION = YES;
				CLANG_WARN_INFINITE_RECURSION = YES;
				CLANG_WARN_INT_CONVERSION = YES;
				CLANG_WARN_NON_LITERAL_NULL_CONVERSION = YES;
				CLANG_WARN_OBJC_IMPLICIT_RETAIN_SELF = YES;
				CLANG_WARN_OBJC_LITERAL_CONVERSION = YES;
				CLANG_WARN_OBJC_ROOT_CLASS = YES_ERROR;
				CLANG_WARN_QUOTED_INCLUDE_IN_FRAMEWORK_HEADER = YES;
				CLANG_WARN_RANGE_LOOP_ANALYSIS = YES;
				CLANG_WARN_STRICT_PROTOTYPES = YES;
				CLANG_WARN_SUSPICIOUS_MOVE = YES;
				CLANG_WARN_UNGUARDED_AVAILABILITY = YES_AGGRESSIVE;
				CLANG_WARN_UNREACHABLE_CODE = YES;
				CLANG_WARN__DUPLICATE_METHOD_MATCH = YES;
				COPY_PHASE_STRIP = NO;
				DEBUG_INFORMATION_FORMAT = dwarf;
				ENABLE_STRICT_OBJC_MSGSEND = YES;
				ENABLE_TESTABILITY = YES;
				GCC_C_LANGUAGE_STANDARD = gnu11;
				GCC_DYNAMIC_NO_PIC = NO;
				GCC_NO_COMMON_BLOCKS = YES;
				GCC_OPTIMIZATION_LEVEL = 0;
				GCC_PREPROCESSOR_DEFINITIONS = (
					"DEBUG=1",
					"$(inherited)",
				);
				GCC_WARN_64_TO_32_BIT_CONVERSION = YES;
				GCC_WARN_ABOUT_RETURN_TYPE = YES_ERROR;
				GCC_WARN_UNDECLARED_SELECTOR = YES;
				GCC_WARN_UNINITIALIZED_AUTOS = YES_AGGRESSIVE;
				GCC_WARN_UNUSED_FUNCTION = YES;
				GCC_WARN_UNUSED_VARIABLE = YES;
				IPHONEOS_DEPLOYMENT_TARGET = 14.4;
				MTL_ENABLE_DEBUG_INFO = INCLUDE_SOURCE;
				MTL_FAST_MATH = YES;
				ONLY_ACTIVE_ARCH = YES;
				SDKROOT = iphoneos;
				SWIFT_ACTIVE_COMPILATION_CONDITIONS = DEBUG;
				SWIFT_OPTIMIZATION_LEVEL = "-Onone";
			};
			name = Debug;
		};
		041C3DEE25F71419005EA194 /* Release */ = {
			isa = XCBuildConfiguration;
			buildSettings = {
				ALWAYS_SEARCH_USER_PATHS = NO;
				CLANG_ANALYZER_NONNULL = YES;
				CLANG_ANALYZER_NUMBER_OBJECT_CONVERSION = YES_AGGRESSIVE;
				CLANG_CXX_LANGUAGE_STANDARD = "gnu++14";
				CLANG_CXX_LIBRARY = "libc++";
				CLANG_ENABLE_MODULES = YES;
				CLANG_ENABLE_OBJC_ARC = YES;
				CLANG_ENABLE_OBJC_WEAK = YES;
				CLANG_WARN_BLOCK_CAPTURE_AUTORELEASING = YES;
				CLANG_WARN_BOOL_CONVERSION = YES;
				CLANG_WARN_COMMA = YES;
				CLANG_WARN_CONSTANT_CONVERSION = YES;
				CLANG_WARN_DEPRECATED_OBJC_IMPLEMENTATIONS = YES;
				CLANG_WARN_DIRECT_OBJC_ISA_USAGE = YES_ERROR;
				CLANG_WARN_DOCUMENTATION_COMMENTS = YES;
				CLANG_WARN_EMPTY_BODY = YES;
				CLANG_WARN_ENUM_CONVERSION = YES;
				CLANG_WARN_INFINITE_RECURSION = YES;
				CLANG_WARN_INT_CONVERSION = YES;
				CLANG_WARN_NON_LITERAL_NULL_CONVERSION = YES;
				CLANG_WARN_OBJC_IMPLICIT_RETAIN_SELF = YES;
				CLANG_WARN_OBJC_LITERAL_CONVERSION = YES;
				CLANG_WARN_OBJC_ROOT_CLASS = YES_ERROR;
				CLANG_WARN_QUOTED_INCLUDE_IN_FRAMEWORK_HEADER = YES;
				CLANG_WARN_RANGE_LOOP_ANALYSIS = YES;
				CLANG_WARN_STRICT_PROTOTYPES = YES;
				CLANG_WARN_SUSPICIOUS_MOVE = YES;
				CLANG_WARN_UNGUARDED_AVAILABILITY = YES_AGGRESSIVE;
				CLANG_WARN_UNREACHABLE_CODE = YES;
				CLANG_WARN__DUPLICATE_METHOD_MATCH = YES;
				COPY_PHASE_STRIP = NO;
				DEBUG_INFORMATION_FORMAT = "dwarf-with-dsym";
				ENABLE_NS_ASSERTIONS = NO;
				ENABLE_STRICT_OBJC_MSGSEND = YES;
				GCC_C_LANGUAGE_STANDARD = gnu11;
				GCC_NO_COMMON_BLOCKS = YES;
				GCC_WARN_64_TO_32_BIT_CONVERSION = YES;
				GCC_WARN_ABOUT_RETURN_TYPE = YES_ERROR;
				GCC_WARN_UNDECLARED_SELECTOR = YES;
				GCC_WARN_UNINITIALIZED_AUTOS = YES_AGGRESSIVE;
				GCC_WARN_UNUSED_FUNCTION = YES;
				GCC_WARN_UNUSED_VARIABLE = YES;
				IPHONEOS_DEPLOYMENT_TARGET = 14.4;
				MTL_ENABLE_DEBUG_INFO = NO;
				MTL_FAST_MATH = YES;
				SDKROOT = iphoneos;
				SWIFT_COMPILATION_MODE = wholemodule;
				SWIFT_OPTIMIZATION_LEVEL = "-O";
				VALIDATE_PRODUCT = YES;
			};
			name = Release;
		};
		041C3DF025F71419005EA194 /* Debug */ = {
			isa = XCBuildConfiguration;
			buildSettings = {
				ASSETCATALOG_COMPILER_APPICON_NAME = AppIcon;
				ASSETCATALOG_COMPILER_GLOBAL_ACCENT_COLOR_NAME = AccentColor;
				CODE_SIGN_STYLE = Automatic;
				INFOPLIST_FILE = tarea3/Info.plist;
				LD_RUNPATH_SEARCH_PATHS = (
					"$(inherited)",
					"@executable_path/Frameworks",
				);
				PRODUCT_BUNDLE_IDENTIFIER = Pamela.tarea3;
				PRODUCT_NAME = "$(TARGET_NAME)";
				SWIFT_VERSION = 5.0;
				TARGETED_DEVICE_FAMILY = "1,2";
			};
			name = Debug;
		};
		041C3DF125F71419005EA194 /* Release */ = {
			isa = XCBuildConfiguration;
			buildSettings = {
				ASSETCATALOG_COMPILER_APPICON_NAME = AppIcon;
				ASSETCATALOG_COMPILER_GLOBAL_ACCENT_COLOR_NAME = AccentColor;
				CODE_SIGN_STYLE = Automatic;
				INFOPLIST_FILE = tarea3/Info.plist;
				LD_RUNPATH_SEARCH_PATHS = (
					"$(inherited)",
					"@executable_path/Frameworks",
				);
				PRODUCT_BUNDLE_IDENTIFIER = Pamela.tarea3;
				PRODUCT_NAME = "$(TARGET_NAME)";
				SWIFT_VERSION = 5.0;
				TARGETED_DEVICE_FAMILY = "1,2";
			};
			name = Release;
		};
/* End XCBuildConfiguration section */

/* Begin XCConfigurationList section */
		041C3DD625F71415005EA194 /* Build configuration list for PBXProject "tarea3" */ = {
			isa = XCConfigurationList;
			buildConfigurations = (
				041C3DED25F71419005EA194 /* Debug */,
				041C3DEE25F71419005EA194 /* Release */,
			);
			defaultConfigurationIsVisible = 0;
			defaultConfigurationName = Release;
		};
		041C3DEF25F71419005EA194 /* Build configuration list for PBXNativeTarget "tarea3" */ = {
			isa = XCConfigurationList;
			buildConfigurations = (
				041C3DF025F71419005EA194 /* Debug */,
				041C3DF125F71419005EA194 /* Release */,
			);
			defaultConfigurationIsVisible = 0;
			defaultConfigurationName = Release;
		};
/* End XCConfigurationList section */
	};
	rootObject = 041C3DD325F71415005EA194 /* Project object */;
}
